
Microsoft Visual Studio Solution File, Format Version 12.00
# Visual Studio Version 17
VisualStudioVersion = 17.0.31903.59
MinimumVisualStudioVersion = 10.0.40219.1
Project("{9A19103F-16F7-4668-BE54-9A1E7A4F7556}") = "Drastic.Feed.App", "Drastic.Feed.App\Drastic.Feed.App.csproj", "{01340E5B-B551-4E4E-A6BD-258CA7FE14F9}"
EndProject
Project("{2150E333-8FDC-42A3-9474-1A3956D46DE8}") = "Library", "Library", "{033BAE9E-363B-4FB6-B464-696BAAB56DC7}"
EndProject
Project("{9A19103F-16F7-4668-BE54-9A1E7A4F7556}") = "Drastic.Feed", "..\src\Drastic.Feed\Drastic.Feed.csproj", "{C6DCB1C9-5DD1-4A6A-B4B1-C9C34BBEFE47}"
EndProject
Project("{9A19103F-16F7-4668-BE54-9A1E7A4F7556}") = "Drastic.Feed.Database.LiteDB", "Drastic.Feed.App.Database.LiteDB\Drastic.Feed.Database.LiteDB.csproj", "{90EBD095-BD4B-44A1-83AE-CDDA8A571680}"
EndProject
Global
	GlobalSection(SolutionConfigurationPlatforms) = preSolution
		Debug|Any CPU = Debug|Any CPU
		Release|Any CPU = Release|Any CPU
	EndGlobalSection
	GlobalSection(ProjectConfigurationPlatforms) = postSolution
		{01340E5B-B551-4E4E-A6BD-258CA7FE14F9}.Debug|Any CPU.ActiveCfg = Debug|Any CPU
		{01340E5B-B551-4E4E-A6BD-258CA7FE14F9}.Debug|Any CPU.Build.0 = Debug|Any CPU
		{01340E5B-B551-4E4E-A6BD-258CA7FE14F9}.Release|Any CPU.ActiveCfg = Release|Any CPU
		{01340E5B-B551-4E4E-A6BD-258CA7FE14F9}.Release|Any CPU.Build.0 = Release|Any CPU
		{C6DCB1C9-5DD1-4A6A-B4B1-C9C34BBEFE47}.Debug|Any CPU.ActiveCfg = Debug|Any CPU
		{C6DCB1C9-5DD1-4A6A-B4B1-C9C34BBEFE47}.Debug|Any CPU.Build.0 = Debug|Any CPU
		{C6DCB1C9-5DD1-4A6A-B4B1-C9C34BBEFE47}.Release|Any CPU.ActiveCfg = Release|Any CPU
		{C6DCB1C9-5DD1-4A6A-B4B1-C9C34BBEFE47}.Release|Any CPU.Build.0 = Release|Any CPU
		{90EBD095-BD4B-44A1-83AE-CDDA8A571680}.Debug|Any CPU.ActiveCfg = Debug|Any CPU
		{90EBD095-BD4B-44A1-83AE-CDDA8A571680}.Debug|Any CPU.Build.0 = Debug|Any CPU
		{90EBD095-BD4B-44A1-83AE-CDDA8A571680}.Release|Any CPU.ActiveCfg = Release|Any CPU
		{90EBD095-BD4B-44A1-83AE-CDDA8A571680}.Release|Any CPU.Build.0 = Release|Any CPU
	EndGlobalSection
	GlobalSection(SolutionProperties) = preSolution
		HideSolutionNode = FALSE
	EndGlobalSection
	GlobalSection(NestedProjects) = preSolution
		{C6DCB1C9-5DD1-4A6A-B4B1-C9C34BBEFE47} = {033BAE9E-363B-4FB6-B464-696BAAB56DC7}
	EndGlobalSection
	GlobalSection(ExtensibilityGlobals) = postSolution
		SolutionGuid = {C0090B3C-4C8F-4D94-BAFB-62BF72E2941C}
	EndGlobalSection
EndGlobal
